
Microsoft Visual Studio Solution File, Format Version 12.00
# Visual Studio Version 16
VisualStudioVersion = 16.0.28803.352
MinimumVisualStudioVersion = 10.0.40219.1
Project("{9A19103F-16F7-4668-BE54-9A1E7A4F7556}") = "picture", "picture\picture.csproj", "{6588191A-0A24-4103-B272-3BE7B75B6D34}"
EndProject
Project("{9A19103F-16F7-4668-BE54-9A1E7A4F7556}") = "WebAPI", "WebAPI\WebAPI.csproj", "{56F04B67-E6E9-44ED-A33A-53CAFDE8FDE5}"
EndProject
Project("{FAE04EC0-301F-11D3-BF4B-00C04F79EFBC}") = "Picture.DAL", "Picture.DAL\Picture.DAL.csproj", "{2BD33771-6083-4EFA-A4E2-06612EC6C89D}"
EndProject
Global
	GlobalSection(SolutionConfigurationPlatforms) = preSolution
		Debug|Any CPU = Debug|Any CPU
		Release|Any CPU = Release|Any CPU
	EndGlobalSection
	GlobalSection(ProjectConfigurationPlatforms) = postSolution
		{6588191A-0A24-4103-B272-3BE7B75B6D34}.Debug|Any CPU.ActiveCfg = Debug|Any CPU
		{6588191A-0A24-4103-B272-3BE7B75B6D34}.Debug|Any CPU.Build.0 = Debug|Any CPU
		{6588191A-0A24-4103-B272-3BE7B75B6D34}.Release|Any CPU.ActiveCfg = Release|Any CPU
		{6588191A-0A24-4103-B272-3BE7B75B6D34}.Release|Any CPU.Build.0 = Release|Any CPU
		{56F04B67-E6E9-44ED-A33A-53CAFDE8FDE5}.Debug|Any CPU.ActiveCfg = Debug|Any CPU
		{56F04B67-E6E9-44ED-A33A-53CAFDE8FDE5}.Debug|Any CPU.Build.0 = Debug|Any CPU
		{56F04B67-E6E9-44ED-A33A-53CAFDE8FDE5}.Release|Any CPU.ActiveCfg = Release|Any CPU
		{56F04B67-E6E9-44ED-A33A-53CAFDE8FDE5}.Release|Any CPU.Build.0 = Release|Any CPU
		{2BD33771-6083-4EFA-A4E2-06612EC6C89D}.Debug|Any CPU.ActiveCfg = Debug|Any CPU
		{2BD33771-6083-4EFA-A4E2-06612EC6C89D}.Debug|Any CPU.Build.0 = Debug|Any CPU
		{2BD33771-6083-4EFA-A4E2-06612EC6C89D}.Release|Any CPU.ActiveCfg = Release|Any CPU
		{2BD33771-6083-4EFA-A4E2-06612EC6C89D}.Release|Any CPU.Build.0 = Release|Any CPU
	EndGlobalSection
	GlobalSection(SolutionProperties) = preSolution
		HideSolutionNode = FALSE
	EndGlobalSection
	GlobalSection(ExtensibilityGlobals) = postSolution
		SolutionGuid = {B35430BC-D124-47C1-8288-C1440B94FED8}
	EndGlobalSection
EndGlobal
